[tools."aqua:astral-sh/ruff"]
version = "0.11.6"
backend = "aqua:astral-sh/ruff"

[tools."aqua:astral-sh/ruff".checksums]
"ruff-x86_64-unknown-linux-musl.tar.gz" = "sha256:e5d91ac0472fa84942fd82cc9289637c9ec5a4669b8b2e2be6f61983707c8973"

[tools."aqua:astral-sh/uv"]
version = "0.7.2"
backend = "aqua:astral-sh/uv"

[tools."aqua:astral-sh/uv".checksums]
"uv-x86_64-unknown-linux-musl.tar.gz" = "sha256:dd10babf6c531597d246c97e55e32ca17b44fe251405fe539ec8ea2f22fac2d6"

[tools.node]
version = "14.21.3"
backend = "core:node"

[tools.node.checksums]
"node-v14.21.3-linux-x64.tar.gz" = "sha256:bef2685d9469058c1229cc7789e171861044fe3f70316ec744e9bf3609cd45ed"

[tools.python]
version = "3.8.20"
backend = "core:python"

[tools."ubi:go-task/task"]
version = "3.43.3"
backend = "ubi:go-task/task"

[tools."ubi:go-task/task".checksums]
task-linux-x86_64 = "sha256:5c245f6296a9fca734562c6ef1a18d6cd5a87d18345c7e0cb2f51da6a14c1916"
